PODS:
  - ReachabilitySwift (5.0.0)
  - SwiftLint (0.39.2)
  - Trikot/http (1.0.0):
    - ReachabilitySwift (~> 5.0)
    - TrikotFrameworkName
  - Trikot/kword (1.0.0):
    - TrikotFrameworkName
  - Trikot/streams (1.0.0):
    - TrikotFrameworkName
  - Trikot/viewmodels (1.0.0):
    - Trikot/streams
    - TrikotFrameworkName
  - TrikotFrameworkName (0.0.1)

DEPENDENCIES:
  - SwiftLint
  - "Trikot/http (from `git@github.com:mirego/trikot.git`, tag `3.0.0-SNAPSHOT`)"
  - "Trikot/kword (from `git@github.com:mirego/trikot.git`, tag `3.0.0-SNAPSHOT`)"
  - "Trikot/streams (from `git@github.com:mirego/trikot.git`, tag `3.0.0-SNAPSHOT`)"
  - "Trikot/viewmodels (from `git@github.com:mirego/trikot.git`, tag `3.0.0-SNAPSHOT`)"
  - TrikotFrameworkName (from `../common`)

SPEC REPOS:
  trunk:
    - ReachabilitySwift
    - SwiftLint

EXTERNAL SOURCES:
  Trikot:
    :git: "git@github.com:mirego/trikot.git"
    :tag: 3.0.0-SNAPSHOT
  TrikotFrameworkName:
    :path: "../common"

CHECKOUT OPTIONS:
  Trikot:
    :git: "git@github.com:mirego/trikot.git"
    :tag: 3.0.0-SNAPSHOT

SPEC CHECKSUMS:
  ReachabilitySwift: 985039c6f7b23a1da463388634119492ff86c825
  SwiftLint: 22ccbbe3b8008684be5955693bab135e0ed6a447
  Trikot: ad053a2f4a4903a973729e6e70e8c4f2f159666b
  TrikotFrameworkName: e7784bc239a138d44a680bf58ac8cd46290906cf

PODFILE CHECKSUM: 6a8683a9715cb46f8d61fd61791deda2e19d3751

COCOAPODS: 1.8.4
