PODS:
  - SwiftLint (0.39.2)
  - Trikot.kword (0.0.1):
    - TrikotFrameworkName
  - Trikot.streams (0.0.1):
    - Trikot.streams/streams (= 0.0.1)
    - TrikotFrameworkName
  - Trikot.streams/streams (0.0.1):
    - TrikotFrameworkName
  - Trikot.viewmodels (0.0.1):
    - Trikot.streams
    - TrikotFrameworkName
  - TrikotFrameworkName (0.0.1)

DEPENDENCIES:
  - SwiftLint
  - "Trikot.kword (from `git@github.com:mirego/trikot.kword.git`, tag `2.2.0`)"
  - Trikot.streams (from `../../trikot.streams`)
  - Trikot.viewmodels (from `../../trikot.viewmodels`)
  - TrikotFrameworkName (from `../common`)

SPEC REPOS:
  trunk:
    - SwiftLint

EXTERNAL SOURCES:
  Trikot.kword:
    :git: "git@github.com:mirego/trikot.kword.git"
    :tag: 2.2.0
  Trikot.streams:
    :path: "../../trikot.streams"
  Trikot.viewmodels:
    :path: "../../trikot.viewmodels"
  TrikotFrameworkName:
    :path: "../common"

CHECKOUT OPTIONS:
  Trikot.kword:
    :git: "git@github.com:mirego/trikot.kword.git"
    :tag: 2.2.0

SPEC CHECKSUMS:
  SwiftLint: 22ccbbe3b8008684be5955693bab135e0ed6a447
  Trikot.kword: 4021e56410368c6227bcd2cf7cfac6986135ea26
  Trikot.streams: 4f392f5594d360c83926d0e53155d84d6bfb2aa1
  Trikot.viewmodels: 4c97c08e0b5c0de970601cc479f347fb613f7c28
  TrikotFrameworkName: e7784bc239a138d44a680bf58ac8cd46290906cf

PODFILE CHECKSUM: 8b2172fc27f8ac0dc0d9d7b31b15199e39c6cc1b

COCOAPODS: 1.8.4
