PODS:
  - ReachabilitySwift (5.0.0)
  - SwiftLint (0.39.2)
  - Trikot/http (3.3.3):
    - ReachabilitySwift (~> 5.0)
    - TrikotFrameworkName
  - Trikot/kword (3.3.3):
    - TrikotFrameworkName
  - Trikot/streams (3.3.3):
    - TrikotFrameworkName
  - Trikot/viewmodels (3.3.3):
    - Trikot/streams
    - TrikotFrameworkName
  - TrikotFrameworkName (1.0.0)

DEPENDENCIES:
  - SwiftLint
  - "Trikot/http (from `git@github.com:mirego/trikot.git`, tag `3.3.3`)"
  - "Trikot/kword (from `git@github.com:mirego/trikot.git`, tag `3.3.3`)"
  - "Trikot/streams (from `git@github.com:mirego/trikot.git`, tag `3.3.3`)"
  - "Trikot/viewmodels (from `git@github.com:mirego/trikot.git`, tag `3.3.3`)"
  - TrikotFrameworkName (from `../common`)

SPEC REPOS:
  trunk:
    - ReachabilitySwift
    - SwiftLint

EXTERNAL SOURCES:
  Trikot:
    :git: "git@github.com:mirego/trikot.git"
    :tag: 3.3.3
  TrikotFrameworkName:
    :path: "../common"

CHECKOUT OPTIONS:
  Trikot:
    :git: "git@github.com:mirego/trikot.git"
    :tag: 3.3.3

SPEC CHECKSUMS:
  ReachabilitySwift: 985039c6f7b23a1da463388634119492ff86c825
  SwiftLint: 22ccbbe3b8008684be5955693bab135e0ed6a447
  Trikot: fe10e97e43bf0ac624b3ac92a2b1d5b955c34444
  TrikotFrameworkName: d0d26ed18a715c0d432cf37470364b7098b025f4

PODFILE CHECKSUM: 6a8683a9715cb46f8d61fd61791deda2e19d3751

COCOAPODS: 1.8.4
